
Microsoft Visual Studio Solution File, Format Version 12.00
# Visual Studio 14
VisualStudioVersion = 14.0.25420.1
MinimumVisualStudioVersion = 10.0.40219.1
Project("{FAE04EC0-301F-11D3-BF4B-00C04F79EFBC}") = "MVCrandom", "MVCrandom\MVCrandom.csproj", "{35581AA3-A2A5-4100-98C4-9B4D806684ED}"
EndProject
Project("{CC5FD16D-436D-48AD-A40C-5A424C6E3E79}") = "MVCrandom.Azure", "MVCrandom.Azure\MVCrandom.Azure.ccproj", "{6775F1F8-D9E3-4E15-888C-C7EBBBC5AF7F}"
EndProject
Global
	GlobalSection(SolutionConfigurationPlatforms) = preSolution
		Debug|Any CPU = Debug|Any CPU
		Release|Any CPU = Release|Any CPU
	EndGlobalSection
	GlobalSection(ProjectConfigurationPlatforms) = postSolution
		{35581AA3-A2A5-4100-98C4-9B4D806684ED}.Debug|Any CPU.ActiveCfg = Debug|Any CPU
		{35581AA3-A2A5-4100-98C4-9B4D806684ED}.Debug|Any CPU.Build.0 = Debug|Any CPU
		{35581AA3-A2A5-4100-98C4-9B4D806684ED}.Release|Any CPU.ActiveCfg = Release|Any CPU
		{35581AA3-A2A5-4100-98C4-9B4D806684ED}.Release|Any CPU.Build.0 = Release|Any CPU
		{6775F1F8-D9E3-4E15-888C-C7EBBBC5AF7F}.Debug|Any CPU.ActiveCfg = Debug|Any CPU
		{6775F1F8-D9E3-4E15-888C-C7EBBBC5AF7F}.Debug|Any CPU.Build.0 = Debug|Any CPU
		{6775F1F8-D9E3-4E15-888C-C7EBBBC5AF7F}.Release|Any CPU.ActiveCfg = Release|Any CPU
		{6775F1F8-D9E3-4E15-888C-C7EBBBC5AF7F}.Release|Any CPU.Build.0 = Release|Any CPU
	EndGlobalSection
	GlobalSection(SolutionProperties) = preSolution
		HideSolutionNode = FALSE
	EndGlobalSection
EndGlobal
